
Microsoft Visual Studio Solution File, Format Version 12.00
# Visual Studio Version 17
VisualStudioVersion = 17.4.33110.190
MinimumVisualStudioVersion = 10.0.40219.1
Project("{FAE04EC0-301F-11D3-BF4B-00C04F79EFBC}") = "firstLessonHomework", "firstLessonHomework\firstLessonHomework.csproj", "{BDB96232-FC37-48B1-A7D8-8B7BF7E21F4C}"
EndProject
Global
	GlobalSection(SolutionConfigurationPlatforms) = preSolution
		Debug|Any CPU = Debug|Any CPU
		Release|Any CPU = Release|Any CPU
	EndGlobalSection
	GlobalSection(ProjectConfigurationPlatforms) = postSolution
		{BDB96232-FC37-48B1-A7D8-8B7BF7E21F4C}.Debug|Any CPU.ActiveCfg = Debug|Any CPU
		{BDB96232-FC37-48B1-A7D8-8B7BF7E21F4C}.Debug|Any CPU.Build.0 = Debug|Any CPU
		{BDB96232-FC37-48B1-A7D8-8B7BF7E21F4C}.Release|Any CPU.ActiveCfg = Release|Any CPU
		{BDB96232-FC37-48B1-A7D8-8B7BF7E21F4C}.Release|Any CPU.Build.0 = Release|Any CPU
	EndGlobalSection
	GlobalSection(SolutionProperties) = preSolution
		HideSolutionNode = FALSE
	EndGlobalSection
	GlobalSection(ExtensibilityGlobals) = postSolution
		SolutionGuid = {4AB7F477-BEE5-427D-B766-738F5B2E7C88}
	EndGlobalSection
EndGlobal
